
Microsoft Visual Studio Solution File, Format Version 12.00
# Visual Studio Version 17
VisualStudioVersion = 17.9.34902.65
MinimumVisualStudioVersion = 10.0.40219.1
Project("{9A19103F-16F7-4668-BE54-9A1E7A4F7556}") = "KeyStatusIcon", "src\KeyStateIcon\KeyStateIcon.csproj", "{ADCF352D-6C04-4A4E-93D1-67A4C2FAE134}"
EndProject
Project("{2150E333-8FDC-42A3-9474-1A3956D46DE8}") = "Solution Items", "Solution Items", "{4E444765-E003-4FD2-A443-81FC2FD1E073}"
	ProjectSection(SolutionItems) = preProject
		.editorconfig = .editorconfig
	EndProjectSection
EndProject
Global
	GlobalSection(SolutionConfigurationPlatforms) = preSolution
		Debug|Any CPU = Debug|Any CPU
		Release|Any CPU = Release|Any CPU
	EndGlobalSection
	GlobalSection(ProjectConfigurationPlatforms) = postSolution
		{ADCF352D-6C04-4A4E-93D1-67A4C2FAE134}.Debug|Any CPU.ActiveCfg = Debug|Any CPU
		{ADCF352D-6C04-4A4E-93D1-67A4C2FAE134}.Debug|Any CPU.Build.0 = Debug|Any CPU
		{ADCF352D-6C04-4A4E-93D1-67A4C2FAE134}.Release|Any CPU.ActiveCfg = Release|Any CPU
		{ADCF352D-6C04-4A4E-93D1-67A4C2FAE134}.Release|Any CPU.Build.0 = Release|Any CPU
	EndGlobalSection
	GlobalSection(SolutionProperties) = preSolution
		HideSolutionNode = FALSE
	EndGlobalSection
	GlobalSection(ExtensibilityGlobals) = postSolution
		SolutionGuid = {D4A73948-6BD0-4ADB-83A6-00B87B42A3C3}
	EndGlobalSection
EndGlobal
